
Microsoft Visual Studio Solution File, Format Version 12.00
# Visual Studio 15
VisualStudioVersion = 15.0.28307.106
MinimumVisualStudioVersion = 10.0.40219.1
Project("{8BC9CEB8-8B4A-11D0-8D11-00A0C91BC942}") = "FIAR", "FIAR\FIAR.vcxproj", "{C0204823-351C-48C8-B722-053732951511}"
EndProject
Global
	GlobalSection(SolutionConfigurationPlatforms) = preSolution
		Debug|x64 = Debug|x64
		Debug|x86 = Debug|x86
		Release|x64 = Release|x64
		Release|x86 = Release|x86
	EndGlobalSection
	GlobalSection(ProjectConfigurationPlatforms) = postSolution
		{C0204823-351C-48C8-B722-053732951511}.Debug|x64.ActiveCfg = Debug|x64
		{C0204823-351C-48C8-B722-053732951511}.Debug|x64.Build.0 = Debug|x64
		{C0204823-351C-48C8-B722-053732951511}.Debug|x86.ActiveCfg = Debug|Win32
		{C0204823-351C-48C8-B722-053732951511}.Debug|x86.Build.0 = Debug|Win32
		{C0204823-351C-48C8-B722-053732951511}.Release|x64.ActiveCfg = Release|x64
		{C0204823-351C-48C8-B722-053732951511}.Release|x64.Build.0 = Release|x64
		{C0204823-351C-48C8-B722-053732951511}.Release|x86.ActiveCfg = Release|Win32
		{C0204823-351C-48C8-B722-053732951511}.Release|x86.Build.0 = Release|Win32
	EndGlobalSection
	GlobalSection(SolutionProperties) = preSolution
		HideSolutionNode = FALSE
	EndGlobalSection
	GlobalSection(ExtensibilityGlobals) = postSolution
		SolutionGuid = {FE741602-3546-4A7B-AED0-D68731887853}
	EndGlobalSection
EndGlobal
